// !$*UTF8*$!
{
	archiveVersion = 1;
	classes = {
	};
	objectVersion = 51;
	objects = {

/* Begin PBXBuildFile section */
		01A52A7837615569E64FBF93 /* ActivityDetailsView.swift in Sources */ = {isa = PBXBuildFile; fileRef = E6276BA2ED65394E5FAAB9AE /* ActivityDetailsView.swift */; };
		04344BC8CF37FB693A8C4314 /* UserProfileHeaderView.swift in Sources */ = {isa = PBXBuildFile; fileRef = D62BE89827EB249C15BFC769 /* UserProfileHeaderView.swift */; };
		07746BB9DD08101D7BF982C1 /* info.plist in Resources */ = {isa = PBXBuildFile; fileRef = 9A4C94F789AE603F88EB6001 /* info.plist */; };
		0B4710D469F44374A92B8FFC /* ContactListViewController.swift in Sources */ = {isa = PBXBuildFile; fileRef = EE44C16D5699FEB66A80FE89 /* ContactListViewController.swift */; };
		0D4557D3B172F29DF47D9C89 /* FinanceAppUITestsLaunchTests.swift in Sources */ = {isa = PBXBuildFile; fileRef = 1657A2E7180D0DDBE1FC73AC /* FinanceAppUITestsLaunchTests.swift */; };
		1A432344494AB3E32A22F2AD /* ActivityCellView.swift in Sources */ = {isa = PBXBuildFile; fileRef = A7D22449CA32E6A07D552F36 /* ActivityCellView.swift */; };
		3691176D19BA1487AEF2BC95 /* FinanceAppUITests.swift in Sources */ = {isa = PBXBuildFile; fileRef = 5FC4B70C5F2EB55248D85152 /* FinanceAppUITests.swift */; };
		37B7EC1A4CFD214D79070258 /* ContactListView.swift in Sources */ = {isa = PBXBuildFile; fileRef = F3D7E89985800F8E46924C1F /* ContactListView.swift */; };
		407E029B1D764B0340A5383B /* HomeViewController.swift in Sources */ = {isa = PBXBuildFile; fileRef = F1B0A79AA4D7044DE7E3A85D /* HomeViewController.swift */; };
		419B1100F558EF398581A294 /* UserProfileView.swift in Sources */ = {isa = PBXBuildFile; fileRef = B9E98CE6F4C19B801079F55D /* UserProfileView.swift */; };
		54F39EC1C1E0CB1FD8C24C65 /* SceneDelegate.swift in Sources */ = {isa = PBXBuildFile; fileRef = E2D5172EBC2EFF6EFF3AEB5C /* SceneDelegate.swift */; };
		5BD335E4C44A1ED03DA7C5A1 /* ConfirmationViewController.swift in Sources */ = {isa = PBXBuildFile; fileRef = D6C1D9F873360A51EA9098DC /* ConfirmationViewController.swift */; };
		5F44BDBAFBF6F6E9B6DA37BB /* TabBarController.swift in Sources */ = {isa = PBXBuildFile; fileRef = 9D7767556C9422EF6AE6D01F /* TabBarController.swift */; };
		69F8A99148763B17E1AF2C7A /* ContactCellView.swift in Sources */ = {isa = PBXBuildFile; fileRef = 6D255A9CEE138995A8E2627B /* ContactCellView.swift */; };
		6C2F4532CB98CC3EF10928AA /* LaunchScreen.storyboard in Resources */ = {isa = PBXBuildFile; fileRef = ACC6C449FED98F7BDE13AB2A /* LaunchScreen.storyboard */; };
		82C2C371AE4BE893B95B8AAA /* ActivityListView.swift in Sources */ = {isa = PBXBuildFile; fileRef = 61BC89CC88FE6DABE621CA27 /* ActivityListView.swift */; };
		90BA37B32638ED5E6C68E352 /* Pods_FinanceApp.framework in Frameworks */ = {isa = PBXBuildFile; fileRef = 8F097D004FAF796724BB7E62 /* Pods_FinanceApp.framework */; };
		90C3B2330927FF873F089C09 /* String+Extensions.swift in Sources */ = {isa = PBXBuildFile; fileRef = F07498195E801BD1EF0F7819 /* String+Extensions.swift */; };
		919ACC6EC76251AAF13286BB /* UITableViewCell+Extensions.swift in Sources */ = {isa = PBXBuildFile; fileRef = 7F5FA48B4F11051AEB4B44AA /* UITableViewCell+Extensions.swift */; };
		96C7B7671D125FC63042BA30 /* FinanceAppTests.swift in Sources */ = {isa = PBXBuildFile; fileRef = EBB881F9A7D7A6DC5AFC61D7 /* FinanceAppTests.swift */; };
		A035B06A70D9EA38B54BA1C1 /* TransfersView.swift in Sources */ = {isa = PBXBuildFile; fileRef = 9295CC5C3D34BE4C4B7A4970 /* TransfersView.swift */; };
		A5ED13F555B5329C8059CA7E /* TransfersViewController.swift in Sources */ = {isa = PBXBuildFile; fileRef = 1BA1633FAAA7F998EDBFCE41 /* TransfersViewController.swift */; };
		A79D88C39E5A3B8E06472027 /* ConfirmationView.swift in Sources */ = {isa = PBXBuildFile; fileRef = 82F59B0CAA045A4BC8C75E19 /* ConfirmationView.swift */; };
		B0FEE59305F66C7CF805C145 /* ActivityDetailsViewController.swift in Sources */ = {isa = PBXBuildFile; fileRef = 3F39E55C6A354134D5714CA0 /* ActivityDetailsViewController.swift */; };
		B2B53A52E47F4BFBAB5F45A9 /* Pods_FinanceApp_FinanceAppTests.framework in Frameworks */ = {isa = PBXBuildFile; fileRef = 40586D097AB7E28B89FB9585 /* Pods_FinanceApp_FinanceAppTests.framework */; };
		B9561BF8038687A06276CF0D /* Assets.xcassets in Resources */ = {isa = PBXBuildFile; fileRef = DBDD4F9A9A9CDB22A655B952 /* Assets.xcassets */; };
		D5059B5B52B5688476E5535D /* HomeView.swift in Sources */ = {isa = PBXBuildFile; fileRef = 80651B32C7BFA8BDB6D4B151 /* HomeView.swift */; };
		E22C3EA8F31A162031919F7A /* info.plist in Resources */ = {isa = PBXBuildFile; fileRef = 412ECF21BC5B73E1CD37AE74 /* info.plist */; };
		E265DA050E4C70738092243B /* AppDelegate.swift in Sources */ = {isa = PBXBuildFile; fileRef = 6A31099C0C61DBA4B67FCDD2 /* AppDelegate.swift */; };
		E9FF726BEC546654687D54B9 /* Pods_FinanceApp_FinanceAppUITests.framework in Frameworks */ = {isa = PBXBuildFile; fileRef = 0E67CEA9706DC47FC7422F1F /* Pods_FinanceApp_FinanceAppUITests.framework */; };
		EF42DFD647BDEF27CAF25A72 /* UserProfileViewController.swift in Sources */ = {isa = PBXBuildFile; fileRef = 22E7623A6A13298F646A07B4 /* UserProfileViewController.swift */; };
		F78B966E8836AD3285F76DCD /* HomeHeaderView.swift in Sources */ = {isa = PBXBuildFile; fileRef = D61D55CB22237F1D919A413F /* HomeHeaderView.swift */; };
/* End PBXBuildFile section */

/* Begin PBXContainerItemProxy section */
		6535B9047FF7B902891C1C61 /* PBXContainerItemProxy */ = {
			isa = PBXContainerItemProxy;
			containerPortal = 2AB1CACC86CDDCD4EEDD6F2B /* Project object */;
			proxyType = 1;
			remoteGlobalIDString = 2E97F0665DF3855DD2165992;
			remoteInfo = FinanceApp;
		};
		A0CC3588ABAAE8589158EF10 /* PBXContainerItemProxy */ = {
			isa = PBXContainerItemProxy;
			containerPortal = 2AB1CACC86CDDCD4EEDD6F2B /* Project object */;
			proxyType = 1;
			remoteGlobalIDString = 2E97F0665DF3855DD2165992;
			remoteInfo = FinanceApp;
		};
/* End PBXContainerItemProxy section */

/* Begin PBXFileReference section */
		0E67CEA9706DC47FC7422F1F /* Pods_FinanceApp_FinanceAppUITests.framework */ = {isa = PBXFileReference; explicitFileType = wrapper.framework; includeInIndex = 0; path = Pods_FinanceApp_FinanceAppUITests.framework; sourceTree = BUILT_PRODUCTS_DIR; };
		1657A2E7180D0DDBE1FC73AC /* FinanceAppUITestsLaunchTests.swift */ = {isa = PBXFileReference; lastKnownFileType = sourcecode.swift; path = FinanceAppUITestsLaunchTests.swift; sourceTree = "<group>"; };
		1A519D5489B553A5F9984505 /* Pods-FinanceApp-FinanceAppUITests.release.xcconfig */ = {isa = PBXFileReference; includeInIndex = 1; lastKnownFileType = text.xcconfig; name = "Pods-FinanceApp-FinanceAppUITests.release.xcconfig"; path = "Target Support Files/Pods-FinanceApp-FinanceAppUITests/Pods-FinanceApp-FinanceAppUITests.release.xcconfig"; sourceTree = "<group>"; };
		1BA1633FAAA7F998EDBFCE41 /* TransfersViewController.swift */ = {isa = PBXFileReference; lastKnownFileType = sourcecode.swift; path = TransfersViewController.swift; sourceTree = "<group>"; };
		1D87EBB899BB9667557FC6AB /* Info.plist */ = {isa = PBXFileReference; lastKnownFileType = text.plist; path = Info.plist; sourceTree = "<group>"; };
		22E7623A6A13298F646A07B4 /* UserProfileViewController.swift */ = {isa = PBXFileReference; lastKnownFileType = sourcecode.swift; path = UserProfileViewController.swift; sourceTree = "<group>"; };
		3F39E55C6A354134D5714CA0 /* ActivityDetailsViewController.swift */ = {isa = PBXFileReference; lastKnownFileType = sourcecode.swift; path = ActivityDetailsViewController.swift; sourceTree = "<group>"; };
		40586D097AB7E28B89FB9585 /* Pods_FinanceApp_FinanceAppTests.framework */ = {isa = PBXFileReference; explicitFileType = wrapper.framework; includeInIndex = 0; path = Pods_FinanceApp_FinanceAppTests.framework; sourceTree = BUILT_PRODUCTS_DIR; };
		412ECF21BC5B73E1CD37AE74 /* info.plist */ = {isa = PBXFileReference; lastKnownFileType = text.plist; path = info.plist; sourceTree = "<group>"; };
		588774514CF759AE6306B8C0 /* Pods-FinanceApp-FinanceAppUITests.debug.xcconfig */ = {isa = PBXFileReference; includeInIndex = 1; lastKnownFileType = text.xcconfig; name = "Pods-FinanceApp-FinanceAppUITests.debug.xcconfig"; path = "Target Support Files/Pods-FinanceApp-FinanceAppUITests/Pods-FinanceApp-FinanceAppUITests.debug.xcconfig"; sourceTree = "<group>"; };
		5D1F212C858B6BF6BD7FF76C /* Pods-FinanceApp-FinanceAppTests.release.xcconfig */ = {isa = PBXFileReference; includeInIndex = 1; lastKnownFileType = text.xcconfig; name = "Pods-FinanceApp-FinanceAppTests.release.xcconfig"; path = "Target Support Files/Pods-FinanceApp-FinanceAppTests/Pods-FinanceApp-FinanceAppTests.release.xcconfig"; sourceTree = "<group>"; };
		5FC4B70C5F2EB55248D85152 /* FinanceAppUITests.swift */ = {isa = PBXFileReference; lastKnownFileType = sourcecode.swift; path = FinanceAppUITests.swift; sourceTree = "<group>"; };
		61BC89CC88FE6DABE621CA27 /* ActivityListView.swift */ = {isa = PBXFileReference; lastKnownFileType = sourcecode.swift; path = ActivityListView.swift; sourceTree = "<group>"; };
		6A31099C0C61DBA4B67FCDD2 /* AppDelegate.swift */ = {isa = PBXFileReference; lastKnownFileType = sourcecode.swift; path = AppDelegate.swift; sourceTree = "<group>"; };
		6D255A9CEE138995A8E2627B /* ContactCellView.swift */ = {isa = PBXFileReference; lastKnownFileType = sourcecode.swift; path = ContactCellView.swift; sourceTree = "<group>"; };
		7F5FA48B4F11051AEB4B44AA /* UITableViewCell+Extensions.swift */ = {isa = PBXFileReference; lastKnownFileType = sourcecode.swift; path = "UITableViewCell+Extensions.swift"; sourceTree = "<group>"; };
		80651B32C7BFA8BDB6D4B151 /* HomeView.swift */ = {isa = PBXFileReference; lastKnownFileType = sourcecode.swift; path = HomeView.swift; sourceTree = "<group>"; };
		82F59B0CAA045A4BC8C75E19 /* ConfirmationView.swift */ = {isa = PBXFileReference; lastKnownFileType = sourcecode.swift; path = ConfirmationView.swift; sourceTree = "<group>"; };
		86E6801B0F7CAA5E116D28CF /* FinanceApp.app */ = {isa = PBXFileReference; includeInIndex = 0; lastKnownFileType = wrapper.application; path = FinanceApp.app; sourceTree = BUILT_PRODUCTS_DIR; };
		89CB0992C01C5CE47650A931 /* Base */ = {isa = PBXFileReference; lastKnownFileType = file.storyboard; name = Base; path = Base.lproj/LaunchScreen.storyboard; sourceTree = "<group>"; };
		8F097D004FAF796724BB7E62 /* Pods_FinanceApp.framework */ = {isa = PBXFileReference; explicitFileType = wrapper.framework; includeInIndex = 0; path = Pods_FinanceApp.framework; sourceTree = BUILT_PRODUCTS_DIR; };
		9295CC5C3D34BE4C4B7A4970 /* TransfersView.swift */ = {isa = PBXFileReference; lastKnownFileType = sourcecode.swift; path = TransfersView.swift; sourceTree = "<group>"; };
		9A4C94F789AE603F88EB6001 /* info.plist */ = {isa = PBXFileReference; lastKnownFileType = text.plist; path = info.plist; sourceTree = "<group>"; };
		9D7767556C9422EF6AE6D01F /* TabBarController.swift */ = {isa = PBXFileReference; lastKnownFileType = sourcecode.swift; path = TabBarController.swift; sourceTree = "<group>"; };
		A7D22449CA32E6A07D552F36 /* ActivityCellView.swift */ = {isa = PBXFileReference; lastKnownFileType = sourcecode.swift; path = ActivityCellView.swift; sourceTree = "<group>"; };
		B6ECA97CDF2A096BAE021070 /* Pods-FinanceApp.release.xcconfig */ = {isa = PBXFileReference; includeInIndex = 1; lastKnownFileType = text.xcconfig; name = "Pods-FinanceApp.release.xcconfig"; path = "Target Support Files/Pods-FinanceApp/Pods-FinanceApp.release.xcconfig"; sourceTree = "<group>"; };
		B9E98CE6F4C19B801079F55D /* UserProfileView.swift */ = {isa = PBXFileReference; lastKnownFileType = sourcecode.swift; path = UserProfileView.swift; sourceTree = "<group>"; };
		C4E4966B0D6C2A80E27566C6 /* FinanceAppTests.xctest */ = {isa = PBXFileReference; includeInIndex = 0; lastKnownFileType = wrapper.cfbundle; path = FinanceAppTests.xctest; sourceTree = BUILT_PRODUCTS_DIR; };
		CF0DBE44803D0AEAEB92E285 /* Pods-FinanceApp-FinanceAppTests.debug.xcconfig */ = {isa = PBXFileReference; includeInIndex = 1; lastKnownFileType = text.xcconfig; name = "Pods-FinanceApp-FinanceAppTests.debug.xcconfig"; path = "Target Support Files/Pods-FinanceApp-FinanceAppTests/Pods-FinanceApp-FinanceAppTests.debug.xcconfig"; sourceTree = "<group>"; };
		D61D55CB22237F1D919A413F /* HomeHeaderView.swift */ = {isa = PBXFileReference; lastKnownFileType = sourcecode.swift; path = HomeHeaderView.swift; sourceTree = "<group>"; };
		D62BE89827EB249C15BFC769 /* UserProfileHeaderView.swift */ = {isa = PBXFileReference; lastKnownFileType = sourcecode.swift; path = UserProfileHeaderView.swift; sourceTree = "<group>"; };
		D6C1D9F873360A51EA9098DC /* ConfirmationViewController.swift */ = {isa = PBXFileReference; lastKnownFileType = sourcecode.swift; path = ConfirmationViewController.swift; sourceTree = "<group>"; };
		D95643F60E25D3FE3F72C16D /* FinanceAppUITests.xctest */ = {isa = PBXFileReference; includeInIndex = 0; lastKnownFileType = wrapper.cfbundle; path = FinanceAppUITests.xctest; sourceTree = BUILT_PRODUCTS_DIR; };
		DBDD4F9A9A9CDB22A655B952 /* Assets.xcassets */ = {isa = PBXFileReference; lastKnownFileType = folder.assetcatalog; path = Assets.xcassets; sourceTree = "<group>"; };
		E2D5172EBC2EFF6EFF3AEB5C /* SceneDelegate.swift */ = {isa = PBXFileReference; lastKnownFileType = sourcecode.swift; path = SceneDelegate.swift; sourceTree = "<group>"; };
		E6276BA2ED65394E5FAAB9AE /* ActivityDetailsView.swift */ = {isa = PBXFileReference; lastKnownFileType = sourcecode.swift; path = ActivityDetailsView.swift; sourceTree = "<group>"; };
		E8FC2EE010BAA79CC4322C7D /* Pods-FinanceApp.debug.xcconfig */ = {isa = PBXFileReference; includeInIndex = 1; lastKnownFileType = text.xcconfig; name = "Pods-FinanceApp.debug.xcconfig"; path = "Target Support Files/Pods-FinanceApp/Pods-FinanceApp.debug.xcconfig"; sourceTree = "<group>"; };
		EBB881F9A7D7A6DC5AFC61D7 /* FinanceAppTests.swift */ = {isa = PBXFileReference; lastKnownFileType = sourcecode.swift; path = FinanceAppTests.swift; sourceTree = "<group>"; };
		EE44C16D5699FEB66A80FE89 /* ContactListViewController.swift */ = {isa = PBXFileReference; lastKnownFileType = sourcecode.swift; path = ContactListViewController.swift; sourceTree = "<group>"; };
		F07498195E801BD1EF0F7819 /* String+Extensions.swift */ = {isa = PBXFileReference; lastKnownFileType = sourcecode.swift; path = "String+Extensions.swift"; sourceTree = "<group>"; };
		F1B0A79AA4D7044DE7E3A85D /* HomeViewController.swift */ = {isa = PBXFileReference; lastKnownFileType = sourcecode.swift; path = HomeViewController.swift; sourceTree = "<group>"; };
		F3D7E89985800F8E46924C1F /* ContactListView.swift */ = {isa = PBXFileReference; lastKnownFileType = sourcecode.swift; path = ContactListView.swift; sourceTree = "<group>"; };
/* End PBXFileReference section */

/* Begin PBXFrameworksBuildPhase section */
		014F0CE8233EF3B7301FBB6F /* Frameworks */ = {
			isa = PBXFrameworksBuildPhase;
			buildActionMask = 2147483647;
			files = (
				B2B53A52E47F4BFBAB5F45A9 /* Pods_FinanceApp_FinanceAppTests.framework in Frameworks */,
			);
			runOnlyForDeploymentPostprocessing = 0;
		};
		1F57B2B069FC8803FA925E9A /* Frameworks */ = {
			isa = PBXFrameworksBuildPhase;
			buildActionMask = 2147483647;
			files = (
				90BA37B32638ED5E6C68E352 /* Pods_FinanceApp.framework in Frameworks */,
			);
			runOnlyForDeploymentPostprocessing = 0;
		};
		6BA0D86179560215DF885AD2 /* Frameworks */ = {
			isa = PBXFrameworksBuildPhase;
			buildActionMask = 2147483647;
			files = (
				E9FF726BEC546654687D54B9 /* Pods_FinanceApp_FinanceAppUITests.framework in Frameworks */,
			);
			runOnlyForDeploymentPostprocessing = 0;
		};
/* End PBXFrameworksBuildPhase section */

/* Begin PBXGroup section */
		004C8C378C0631E21B051D30 /* Resources */ = {
			isa = PBXGroup;
			children = (
				DBDD4F9A9A9CDB22A655B952 /* Assets.xcassets */,
				1D87EBB899BB9667557FC6AB /* Info.plist */,
				ACC6C449FED98F7BDE13AB2A /* LaunchScreen.storyboard */,
			);
			path = Resources;
			sourceTree = "<group>";
		};
		197B05C859D724C7C9EA6015 /* Transfers */ = {
			isa = PBXGroup;
			children = (
				9295CC5C3D34BE4C4B7A4970 /* TransfersView.swift */,
				1BA1633FAAA7F998EDBFCE41 /* TransfersViewController.swift */,
			);
			path = Transfers;
			sourceTree = "<group>";
		};
		20EFC57A35EFD56F8950497E /* AppDelegate */ = {
			isa = PBXGroup;
			children = (
				6A31099C0C61DBA4B67FCDD2 /* AppDelegate.swift */,
				E2D5172EBC2EFF6EFF3AEB5C /* SceneDelegate.swift */,
			);
			path = AppDelegate;
			sourceTree = "<group>";
		};
		24DA4E492D65B5916CA58F4F /* Confirmation */ = {
			isa = PBXGroup;
			children = (
				82F59B0CAA045A4BC8C75E19 /* ConfirmationView.swift */,
				D6C1D9F873360A51EA9098DC /* ConfirmationViewController.swift */,
			);
			path = Confirmation;
			sourceTree = "<group>";
		};
		2890D45DE0CE72BE5C19C45B /* Frameworks */ = {
			isa = PBXGroup;
			children = (
				8F097D004FAF796724BB7E62 /* Pods_FinanceApp.framework */,
				40586D097AB7E28B89FB9585 /* Pods_FinanceApp_FinanceAppTests.framework */,
				0E67CEA9706DC47FC7422F1F /* Pods_FinanceApp_FinanceAppUITests.framework */,
			);
			name = Frameworks;
			sourceTree = "<group>";
		};
		29F6608C8E7C63005D680666 /* Products */ = {
			isa = PBXGroup;
			children = (
				86E6801B0F7CAA5E116D28CF /* FinanceApp.app */,
				C4E4966B0D6C2A80E27566C6 /* FinanceAppTests.xctest */,
				D95643F60E25D3FE3F72C16D /* FinanceAppUITests.xctest */,
			);
			name = Products;
			sourceTree = "<group>";
		};
		3F11875F89CD44A61CF8F868 /* ActivityDetails */ = {
			isa = PBXGroup;
			children = (
				E6276BA2ED65394E5FAAB9AE /* ActivityDetailsView.swift */,
				3F39E55C6A354134D5714CA0 /* ActivityDetailsViewController.swift */,
			);
			path = ActivityDetails;
			sourceTree = "<group>";
		};
		41664911853B1A777938E8B9 = {
			isa = PBXGroup;
			children = (
				8E3815F9C6D9EA0FCAE51155 /* FinanceApp */,
				67E437D62460C7B63BCBBEFE /* FinanceAppTests */,
				DBB3A139039D27C6DCE43680 /* FinanceAppUITests */,
				29F6608C8E7C63005D680666 /* Products */,
				FE58900C2DBCC90266E0AD21 /* Pods */,
				2890D45DE0CE72BE5C19C45B /* Frameworks */,
			);
			sourceTree = "<group>";
		};
		67E437D62460C7B63BCBBEFE /* FinanceAppTests */ = {
			isa = PBXGroup;
			children = (
				EBB881F9A7D7A6DC5AFC61D7 /* FinanceAppTests.swift */,
				9A4C94F789AE603F88EB6001 /* info.plist */,
			);
			path = FinanceAppTests;
			sourceTree = "<group>";
		};
		82783A98D953CFB15DF8FD61 /* UserProfile */ = {
			isa = PBXGroup;
			children = (
				B9E98CE6F4C19B801079F55D /* UserProfileView.swift */,
				22E7623A6A13298F646A07B4 /* UserProfileViewController.swift */,
			);
			path = UserProfile;
			sourceTree = "<group>";
		};
		8E3815F9C6D9EA0FCAE51155 /* FinanceApp */ = {
			isa = PBXGroup;
			children = (
				20EFC57A35EFD56F8950497E /* AppDelegate */,
				B33340871015909D32E840A9 /* Components */,
				F1ABF03204464A2A716C68B4 /* Extensions */,
				D32D59C9E0856C955E1A0F85 /* Modules */,
				004C8C378C0631E21B051D30 /* Resources */,
			);
			path = FinanceApp;
			sourceTree = "<group>";
		};
		9D3FFBD98E942569BBF4B811 /* ContactList */ = {
			isa = PBXGroup;
			children = (
				F3D7E89985800F8E46924C1F /* ContactListView.swift */,
				EE44C16D5699FEB66A80FE89 /* ContactListViewController.swift */,
			);
			path = ContactList;
			sourceTree = "<group>";
		};
		A781DBA517CC6B69A6EEED8A /* Home */ = {
			isa = PBXGroup;
			children = (
				80651B32C7BFA8BDB6D4B151 /* HomeView.swift */,
				F1B0A79AA4D7044DE7E3A85D /* HomeViewController.swift */,
			);
			path = Home;
			sourceTree = "<group>";
		};
		B33340871015909D32E840A9 /* Components */ = {
			isa = PBXGroup;
			children = (
				A7D22449CA32E6A07D552F36 /* ActivityCellView.swift */,
				61BC89CC88FE6DABE621CA27 /* ActivityListView.swift */,
				6D255A9CEE138995A8E2627B /* ContactCellView.swift */,
				D61D55CB22237F1D919A413F /* HomeHeaderView.swift */,
				9D7767556C9422EF6AE6D01F /* TabBarController.swift */,
				D62BE89827EB249C15BFC769 /* UserProfileHeaderView.swift */,
			);
			path = Components;
			sourceTree = "<group>";
		};
		D32D59C9E0856C955E1A0F85 /* Modules */ = {
			isa = PBXGroup;
			children = (
				3F11875F89CD44A61CF8F868 /* ActivityDetails */,
				24DA4E492D65B5916CA58F4F /* Confirmation */,
				9D3FFBD98E942569BBF4B811 /* ContactList */,
				A781DBA517CC6B69A6EEED8A /* Home */,
				197B05C859D724C7C9EA6015 /* Transfers */,
				82783A98D953CFB15DF8FD61 /* UserProfile */,
			);
			path = Modules;
			sourceTree = "<group>";
		};
		DBB3A139039D27C6DCE43680 /* FinanceAppUITests */ = {
			isa = PBXGroup;
			children = (
				5FC4B70C5F2EB55248D85152 /* FinanceAppUITests.swift */,
				1657A2E7180D0DDBE1FC73AC /* FinanceAppUITestsLaunchTests.swift */,
				412ECF21BC5B73E1CD37AE74 /* info.plist */,
			);
			path = FinanceAppUITests;
			sourceTree = "<group>";
		};
		F1ABF03204464A2A716C68B4 /* Extensions */ = {
			isa = PBXGroup;
			children = (
				F07498195E801BD1EF0F7819 /* String+Extensions.swift */,
				7F5FA48B4F11051AEB4B44AA /* UITableViewCell+Extensions.swift */,
			);
			path = Extensions;
			sourceTree = "<group>";
		};
		FE58900C2DBCC90266E0AD21 /* Pods */ = {
			isa = PBXGroup;
			children = (
				E8FC2EE010BAA79CC4322C7D /* Pods-FinanceApp.debug.xcconfig */,
				B6ECA97CDF2A096BAE021070 /* Pods-FinanceApp.release.xcconfig */,
				CF0DBE44803D0AEAEB92E285 /* Pods-FinanceApp-FinanceAppTests.debug.xcconfig */,
				5D1F212C858B6BF6BD7FF76C /* Pods-FinanceApp-FinanceAppTests.release.xcconfig */,
				588774514CF759AE6306B8C0 /* Pods-FinanceApp-FinanceAppUITests.debug.xcconfig */,
				1A519D5489B553A5F9984505 /* Pods-FinanceApp-FinanceAppUITests.release.xcconfig */,
			);
			name = Pods;
			path = Pods;
			sourceTree = "<group>";
		};
/* End PBXGroup section */

/* Begin PBXNativeTarget section */
		174D99E27687D51F2EDC6181 /* FinanceAppTests */ = {
			isa = PBXNativeTarget;
			buildConfigurationList = 790EE3660AE054DE62EEC8E2 /* Build configuration list for PBXNativeTarget "FinanceAppTests" */;
			buildPhases = (
				5D6A508BA0650044943EE936 /* [CP] Check Pods Manifest.lock */,
				68DFE4D057F6FDFD99C0334D /* Sources */,
				27C8FDE8CD26CAEE5C3E3946 /* Resources */,
				014F0CE8233EF3B7301FBB6F /* Frameworks */,
				93BEA54E7880E0C2C1F23FBA /* [CP] Embed Pods Frameworks */,
			);
			buildRules = (
			);
			dependencies = (
				586DE8F890F4761240326CA5 /* PBXTargetDependency */,
			);
			name = FinanceAppTests;
			productName = FinanceAppTests;
			productReference = C4E4966B0D6C2A80E27566C6 /* FinanceAppTests.xctest */;
			productType = "com.apple.product-type.bundle.unit-test";
		};
		2E97F0665DF3855DD2165992 /* FinanceApp */ = {
			isa = PBXNativeTarget;
			buildConfigurationList = 10880C3807283129FCCA0926 /* Build configuration list for PBXNativeTarget "FinanceApp" */;
			buildPhases = (
				D6B2D29AB46D6E9EA8016EB4 /* [CP] Check Pods Manifest.lock */,
				E2D36BF245C9A834AB77A440 /* Sources */,
				79C092AECD11CAA880AF32D3 /* Resources */,
				1F57B2B069FC8803FA925E9A /* Frameworks */,
				7A8A171A69C5FB0E9555AE93 /* [CP] Embed Pods Frameworks */,
			);
			buildRules = (
			);
			dependencies = (
			);
			name = FinanceApp;
			productName = FinanceApp;
			productReference = 86E6801B0F7CAA5E116D28CF /* FinanceApp.app */;
			productType = "com.apple.product-type.application";
		};
		DC9F54A61E9F34EFBF2AF77E /* FinanceAppUITests */ = {
			isa = PBXNativeTarget;
			buildConfigurationList = D79D02C196F584B352AF7230 /* Build configuration list for PBXNativeTarget "FinanceAppUITests" */;
			buildPhases = (
				458A929D329BDA38F4709373 /* [CP] Check Pods Manifest.lock */,
				6FAD3B05CCFD0E1B3A59A172 /* Sources */,
				280EAE9AFBFF983109249B20 /* Resources */,
				6BA0D86179560215DF885AD2 /* Frameworks */,
				F89BEFBBB253FD6A3460CD1C /* [CP] Embed Pods Frameworks */,
			);
			buildRules = (
			);
			dependencies = (
				19099BB29F5A06E58F9E6F8C /* PBXTargetDependency */,
			);
			name = FinanceAppUITests;
			productName = FinanceAppUITests;
			productReference = D95643F60E25D3FE3F72C16D /* FinanceAppUITests.xctest */;
			productType = "com.apple.product-type.bundle.ui-testing";
		};
/* End PBXNativeTarget section */

/* Begin PBXProject section */
		2AB1CACC86CDDCD4EEDD6F2B /* Project object */ = {
			isa = PBXProject;
			attributes = {
				LastUpgradeCheck = 1300;
				TargetAttributes = {
					2E97F0665DF3855DD2165992 = {
						DevelopmentTeam = "";
						ProvisioningStyle = Manual;
					};
					DC9F54A61E9F34EFBF2AF77E = {
						TestTargetID = 2E97F0665DF3855DD2165992;
					};
				};
			};
			buildConfigurationList = 3D389913F47E61BD30E75F42 /* Build configuration list for PBXProject "FinanceApp" */;
			compatibilityVersion = "Xcode 10.0";
			developmentRegion = en;
			hasScannedForEncodings = 0;
			knownRegions = (
				Base,
				en,
			);
			mainGroup = 41664911853B1A777938E8B9;
			productRefGroup = 29F6608C8E7C63005D680666 /* Products */;
			projectDirPath = "";
			projectRoot = "";
			targets = (
				2E97F0665DF3855DD2165992 /* FinanceApp */,
				174D99E27687D51F2EDC6181 /* FinanceAppTests */,
				DC9F54A61E9F34EFBF2AF77E /* FinanceAppUITests */,
			);
		};
/* End PBXProject section */

/* Begin PBXResourcesBuildPhase section */
		27C8FDE8CD26CAEE5C3E3946 /* Resources */ = {
			isa = PBXResourcesBuildPhase;
			buildActionMask = 2147483647;
			files = (
				07746BB9DD08101D7BF982C1 /* info.plist in Resources */,
			);
			runOnlyForDeploymentPostprocessing = 0;
		};
		280EAE9AFBFF983109249B20 /* Resources */ = {
			isa = PBXResourcesBuildPhase;
			buildActionMask = 2147483647;
			files = (
				E22C3EA8F31A162031919F7A /* info.plist in Resources */,
			);
			runOnlyForDeploymentPostprocessing = 0;
		};
		79C092AECD11CAA880AF32D3 /* Resources */ = {
			isa = PBXResourcesBuildPhase;
			buildActionMask = 2147483647;
			files = (
				B9561BF8038687A06276CF0D /* Assets.xcassets in Resources */,
				6C2F4532CB98CC3EF10928AA /* LaunchScreen.storyboard in Resources */,
			);
			runOnlyForDeploymentPostprocessing = 0;
		};
/* End PBXResourcesBuildPhase section */

/* Begin PBXShellScriptBuildPhase section */
		458A929D329BDA38F4709373 /* [CP] Check Pods Manifest.lock */ = {
			isa = PBXShellScriptBuildPhase;
			buildActionMask = 2147483647;
			files = (
			);
			inputFileListPaths = (
			);
			inputPaths = (
				"${PODS_PODFILE_DIR_PATH}/Podfile.lock",
				"${PODS_ROOT}/Manifest.lock",
			);
			name = "[CP] Check Pods Manifest.lock";
			outputFileListPaths = (
			);
			outputPaths = (
				"$(DERIVED_FILE_DIR)/Pods-FinanceApp-FinanceAppUITests-checkManifestLockResult.txt",
			);
			runOnlyForDeploymentPostprocessing = 0;
			shellPath = /bin/sh;
			shellScript = "diff \"${PODS_PODFILE_DIR_PATH}/Podfile.lock\" \"${PODS_ROOT}/Manifest.lock\" > /dev/null\nif [ $? != 0 ] ; then\n    # print error to STDERR\n    echo \"error: The sandbox is not in sync with the Podfile.lock. Run 'pod install' or update your CocoaPods installation.\" >&2\n    exit 1\nfi\n# This output is used by Xcode 'outputs' to avoid re-running this script phase.\necho \"SUCCESS\" > \"${SCRIPT_OUTPUT_FILE_0}\"\n";
			showEnvVarsInLog = 0;
		};
		5D6A508BA0650044943EE936 /* [CP] Check Pods Manifest.lock */ = {
			isa = PBXShellScriptBuildPhase;
			buildActionMask = 2147483647;
			files = (
			);
			inputFileListPaths = (
			);
			inputPaths = (
				"${PODS_PODFILE_DIR_PATH}/Podfile.lock",
				"${PODS_ROOT}/Manifest.lock",
			);
			name = "[CP] Check Pods Manifest.lock";
			outputFileListPaths = (
			);
			outputPaths = (
				"$(DERIVED_FILE_DIR)/Pods-FinanceApp-FinanceAppTests-checkManifestLockResult.txt",
			);
			runOnlyForDeploymentPostprocessing = 0;
			shellPath = /bin/sh;
			shellScript = "diff \"${PODS_PODFILE_DIR_PATH}/Podfile.lock\" \"${PODS_ROOT}/Manifest.lock\" > /dev/null\nif [ $? != 0 ] ; then\n    # print error to STDERR\n    echo \"error: The sandbox is not in sync with the Podfile.lock. Run 'pod install' or update your CocoaPods installation.\" >&2\n    exit 1\nfi\n# This output is used by Xcode 'outputs' to avoid re-running this script phase.\necho \"SUCCESS\" > \"${SCRIPT_OUTPUT_FILE_0}\"\n";
			showEnvVarsInLog = 0;
		};
		7A8A171A69C5FB0E9555AE93 /* [CP] Embed Pods Frameworks */ = {
			isa = PBXShellScriptBuildPhase;
			buildActionMask = 2147483647;
			files = (
			);
			inputFileListPaths = (
				"${PODS_ROOT}/Target Support Files/Pods-FinanceApp/Pods-FinanceApp-frameworks-${CONFIGURATION}-input-files.xcfilelist",
			);
			name = "[CP] Embed Pods Frameworks";
			outputFileListPaths = (
				"${PODS_ROOT}/Target Support Files/Pods-FinanceApp/Pods-FinanceApp-frameworks-${CONFIGURATION}-output-files.xcfilelist",
			);
			runOnlyForDeploymentPostprocessing = 0;
			shellPath = /bin/sh;
			shellScript = "\"${PODS_ROOT}/Target Support Files/Pods-FinanceApp/Pods-FinanceApp-frameworks.sh\"\n";
			showEnvVarsInLog = 0;
		};
		93BEA54E7880E0C2C1F23FBA /* [CP] Embed Pods Frameworks */ = {
			isa = PBXShellScriptBuildPhase;
			buildActionMask = 2147483647;
			files = (
			);
			inputFileListPaths = (
				"${PODS_ROOT}/Target Support Files/Pods-FinanceApp-FinanceAppTests/Pods-FinanceApp-FinanceAppTests-frameworks-${CONFIGURATION}-input-files.xcfilelist",
			);
			name = "[CP] Embed Pods Frameworks";
			outputFileListPaths = (
				"${PODS_ROOT}/Target Support Files/Pods-FinanceApp-FinanceAppTests/Pods-FinanceApp-FinanceAppTests-frameworks-${CONFIGURATION}-output-files.xcfilelist",
			);
			runOnlyForDeploymentPostprocessing = 0;
			shellPath = /bin/sh;
			shellScript = "\"${PODS_ROOT}/Target Support Files/Pods-FinanceApp-FinanceAppTests/Pods-FinanceApp-FinanceAppTests-frameworks.sh\"\n";
			showEnvVarsInLog = 0;
		};
		D6B2D29AB46D6E9EA8016EB4 /* [CP] Check Pods Manifest.lock */ = {
			isa = PBXShellScriptBuildPhase;
			buildActionMask = 2147483647;
			files = (
			);
			inputFileListPaths = (
			);
			inputPaths = (
				"${PODS_PODFILE_DIR_PATH}/Podfile.lock",
				"${PODS_ROOT}/Manifest.lock",
			);
			name = "[CP] Check Pods Manifest.lock";
			outputFileListPaths = (
			);
			outputPaths = (
				"$(DERIVED_FILE_DIR)/Pods-FinanceApp-checkManifestLockResult.txt",
			);
			runOnlyForDeploymentPostprocessing = 0;
			shellPath = /bin/sh;
			shellScript = "diff \"${PODS_PODFILE_DIR_PATH}/Podfile.lock\" \"${PODS_ROOT}/Manifest.lock\" > /dev/null\nif [ $? != 0 ] ; then\n    # print error to STDERR\n    echo \"error: The sandbox is not in sync with the Podfile.lock. Run 'pod install' or update your CocoaPods installation.\" >&2\n    exit 1\nfi\n# This output is used by Xcode 'outputs' to avoid re-running this script phase.\necho \"SUCCESS\" > \"${SCRIPT_OUTPUT_FILE_0}\"\n";
			showEnvVarsInLog = 0;
		};
		F89BEFBBB253FD6A3460CD1C /* [CP] Embed Pods Frameworks */ = {
			isa = PBXShellScriptBuildPhase;
			buildActionMask = 2147483647;
			files = (
			);
			inputFileListPaths = (
				"${PODS_ROOT}/Target Support Files/Pods-FinanceApp-FinanceAppUITests/Pods-FinanceApp-FinanceAppUITests-frameworks-${CONFIGURATION}-input-files.xcfilelist",
			);
			name = "[CP] Embed Pods Frameworks";
			outputFileListPaths = (
				"${PODS_ROOT}/Target Support Files/Pods-FinanceApp-FinanceAppUITests/Pods-FinanceApp-FinanceAppUITests-frameworks-${CONFIGURATION}-output-files.xcfilelist",
			);
			runOnlyForDeploymentPostprocessing = 0;
			shellPath = /bin/sh;
			shellScript = "\"${PODS_ROOT}/Target Support Files/Pods-FinanceApp-FinanceAppUITests/Pods-FinanceApp-FinanceAppUITests-frameworks.sh\"\n";
			showEnvVarsInLog = 0;
		};
/* End PBXShellScriptBuildPhase section */

/* Begin PBXSourcesBuildPhase section */
		68DFE4D057F6FDFD99C0334D /* Sources */ = {
			isa = PBXSourcesBuildPhase;
			buildActionMask = 2147483647;
			files = (
				96C7B7671D125FC63042BA30 /* FinanceAppTests.swift in Sources */,
			);
			runOnlyForDeploymentPostprocessing = 0;
		};
		6FAD3B05CCFD0E1B3A59A172 /* Sources */ = {
			isa = PBXSourcesBuildPhase;
			buildActionMask = 2147483647;
			files = (
				3691176D19BA1487AEF2BC95 /* FinanceAppUITests.swift in Sources */,
				0D4557D3B172F29DF47D9C89 /* FinanceAppUITestsLaunchTests.swift in Sources */,
			);
			runOnlyForDeploymentPostprocessing = 0;
		};
		E2D36BF245C9A834AB77A440 /* Sources */ = {
			isa = PBXSourcesBuildPhase;
			buildActionMask = 2147483647;
			files = (
				1A432344494AB3E32A22F2AD /* ActivityCellView.swift in Sources */,
				01A52A7837615569E64FBF93 /* ActivityDetailsView.swift in Sources */,
				B0FEE59305F66C7CF805C145 /* ActivityDetailsViewController.swift in Sources */,
				82C2C371AE4BE893B95B8AAA /* ActivityListView.swift in Sources */,
				E265DA050E4C70738092243B /* AppDelegate.swift in Sources */,
				A79D88C39E5A3B8E06472027 /* ConfirmationView.swift in Sources */,
				5BD335E4C44A1ED03DA7C5A1 /* ConfirmationViewController.swift in Sources */,
				69F8A99148763B17E1AF2C7A /* ContactCellView.swift in Sources */,
				37B7EC1A4CFD214D79070258 /* ContactListView.swift in Sources */,
				0B4710D469F44374A92B8FFC /* ContactListViewController.swift in Sources */,
				F78B966E8836AD3285F76DCD /* HomeHeaderView.swift in Sources */,
				D5059B5B52B5688476E5535D /* HomeView.swift in Sources */,
				407E029B1D764B0340A5383B /* HomeViewController.swift in Sources */,
				54F39EC1C1E0CB1FD8C24C65 /* SceneDelegate.swift in Sources */,
				90C3B2330927FF873F089C09 /* String+Extensions.swift in Sources */,
				5F44BDBAFBF6F6E9B6DA37BB /* TabBarController.swift in Sources */,
				A035B06A70D9EA38B54BA1C1 /* TransfersView.swift in Sources */,
				A5ED13F555B5329C8059CA7E /* TransfersViewController.swift in Sources */,
				919ACC6EC76251AAF13286BB /* UITableViewCell+Extensions.swift in Sources */,
				04344BC8CF37FB693A8C4314 /* UserProfileHeaderView.swift in Sources */,
				419B1100F558EF398581A294 /* UserProfileView.swift in Sources */,
				EF42DFD647BDEF27CAF25A72 /* UserProfileViewController.swift in Sources */,
			);
			runOnlyForDeploymentPostprocessing = 0;
		};
/* End PBXSourcesBuildPhase section */

/* Begin PBXTargetDependency section */
		19099BB29F5A06E58F9E6F8C /* PBXTargetDependency */ = {
			isa = PBXTargetDependency;
			target = 2E97F0665DF3855DD2165992 /* FinanceApp */;
			targetProxy = 6535B9047FF7B902891C1C61 /* PBXContainerItemProxy */;
		};
		586DE8F890F4761240326CA5 /* PBXTargetDependency */ = {
			isa = PBXTargetDependency;
			target = 2E97F0665DF3855DD2165992 /* FinanceApp */;
			targetProxy = A0CC3588ABAAE8589158EF10 /* PBXContainerItemProxy */;
		};
/* End PBXTargetDependency section */

/* Begin PBXVariantGroup section */
		ACC6C449FED98F7BDE13AB2A /* LaunchScreen.storyboard */ = {
			isa = PBXVariantGroup;
			children = (
				89CB0992C01C5CE47650A931 /* Base */,
			);
			name = LaunchScreen.storyboard;
			sourceTree = "<group>";
		};
/* End PBXVariantGroup section */

/* Begin XCBuildConfiguration section */
		29CD84FC440408C334262976 /* Debug */ = {
			isa = XCBuildConfiguration;
			baseConfigurationReference = CF0DBE44803D0AEAEB92E285 /* Pods-FinanceApp-FinanceAppTests.debug.xcconfig */;
			buildSettings = {
				BUNDLE_LOADER = "$(TEST_HOST)";
				INFOPLIST_FILE = FinanceAppTests/Info.plist;
				LD_RUNPATH_SEARCH_PATHS = (
					"$(inherited)",
					"@executable_path/Frameworks",
					"@loader_path/Frameworks",
				);
				SDKROOT = iphoneos;
				TARGETED_DEVICE_FAMILY = "1,2";
				TEST_HOST = "$(BUILT_PRODUCTS_DIR)/FinanceApp.app/FinanceApp";
			};
			name = Debug;
		};
		343F15AA0229DDE8851DE156 /* Debug */ = {
			isa = XCBuildConfiguration;
			buildSettings = {
				ALWAYS_EMBED_SWIFT_STANDARD_LIBRARIES = YES;
				ALWAYS_SEARCH_USER_PATHS = NO;
				ARCHS = "$(ARCHS_STANDARD)";
				CLANG_ANALYZER_NONNULL = YES;
				CLANG_ANALYZER_NUMBER_OBJECT_CONVERSION = YES_AGGRESSIVE;
				CLANG_CXX_LANGUAGE_STANDARD = "gnu++14";
				CLANG_CXX_LIBRARY = "libc++";
				CLANG_ENABLE_MODULES = YES;
				CLANG_ENABLE_OBJC_ARC = YES;
				CLANG_ENABLE_OBJC_WEAK = YES;
				CLANG_WARN_BLOCK_CAPTURE_AUTORELEASING = YES;
				CLANG_WARN_BOOL_CONVERSION = YES;
				CLANG_WARN_COMMA = YES;
				CLANG_WARN_CONSTANT_CONVERSION = YES;
				CLANG_WARN_DEPRECATED_OBJC_IMPLEMENTATIONS = YES;
				CLANG_WARN_DIRECT_OBJC_ISA_USAGE = YES_ERROR;
				CLANG_WARN_DOCUMENTATION_COMMENTS = YES;
				CLANG_WARN_EMPTY_BODY = YES;
				CLANG_WARN_ENUM_CONVERSION = YES;
				CLANG_WARN_INFINITE_RECURSION = YES;
				CLANG_WARN_INT_CONVERSION = YES;
				CLANG_WARN_NON_LITERAL_NULL_CONVERSION = YES;
				CLANG_WARN_OBJC_IMPLICIT_RETAIN_SELF = YES;
				CLANG_WARN_OBJC_LITERAL_CONVERSION = YES;
				CLANG_WARN_OBJC_ROOT_CLASS = YES_ERROR;
				CLANG_WARN_QUOTED_INCLUDE_IN_FRAMEWORK_HEADER = YES;
				CLANG_WARN_RANGE_LOOP_ANALYSIS = YES;
				CLANG_WARN_STRICT_PROTOTYPES = YES;
				CLANG_WARN_SUSPICIOUS_MOVE = YES;
				CLANG_WARN_UNGUARDED_AVAILABILITY = YES_AGGRESSIVE;
				CLANG_WARN_UNREACHABLE_CODE = YES;
				CLANG_WARN__DUPLICATE_METHOD_MATCH = YES;
				CODE_SIGN_IDENTITY = "iPhone Developer";
				COPY_PHASE_STRIP = NO;
				DEBUG_INFORMATION_FORMAT = dwarf;
				ENABLE_STRICT_OBJC_MSGSEND = YES;
				ENABLE_TESTABILITY = YES;
				GCC_C_LANGUAGE_STANDARD = gnu11;
				GCC_DYNAMIC_NO_PIC = NO;
				GCC_NO_COMMON_BLOCKS = YES;
				GCC_OPTIMIZATION_LEVEL = 0;
				GCC_PREPROCESSOR_DEFINITIONS = (
					"$(inherited)",
					"DEBUG=1",
				);
				GCC_WARN_64_TO_32_BIT_CONVERSION = YES;
				GCC_WARN_ABOUT_RETURN_TYPE = YES_ERROR;
				GCC_WARN_UNDECLARED_SELECTOR = YES;
				GCC_WARN_UNINITIALIZED_AUTOS = YES_AGGRESSIVE;
				GCC_WARN_UNUSED_FUNCTION = YES;
				GCC_WARN_UNUSED_VARIABLE = YES;
				IPHONEOS_DEPLOYMENT_TARGET = 13.0;
				MARKETING_VERSION = 1.0.0;
				MTL_ENABLE_DEBUG_INFO = INCLUDE_SOURCE;
				MTL_FAST_MATH = YES;
				ONLY_ACTIVE_ARCH = YES;
				PRODUCT_NAME = "$(TARGET_NAME)";
				SDKROOT = iphoneos;
				SWIFT_ACTIVE_COMPILATION_CONDITIONS = DEBUG;
				SWIFT_OPTIMIZATION_LEVEL = "-Onone";
				SWIFT_VERSION = 5.4;
				VERSIONING_SYSTEM = "apple-generic";
			};
			name = Debug;
		};
		640D4A1E8DD181082E61A4F2 /* Debug */ = {
			isa = XCBuildConfiguration;
			baseConfigurationReference = E8FC2EE010BAA79CC4322C7D /* Pods-FinanceApp.debug.xcconfig */;
			buildSettings = {
				ASSETCATALOG_COMPILER_APPICON_NAME = AppIcon;
				CODE_SIGN_IDENTITY = "iPhone Developer";
				CODE_SIGN_STYLE = Manual;
				DEVELOPMENT_TEAM = "";
				INFOPLIST_FILE = FinanceApp/Resources/Info.plist;
				LD_RUNPATH_SEARCH_PATHS = (
					"$(inherited)",
					"@executable_path/Frameworks",
				);
				PRODUCT_BUNDLE_IDENTIFIER = com.devpass.FinanceApp;
				PROVISIONING_PROFILE = Wildcard;
				SDKROOT = iphoneos;
				TARGETED_DEVICE_FAMILY = "1,2";
			};
			name = Debug;
		};
		6F814397452B25B3C7842525 /* Release */ = {
			isa = XCBuildConfiguration;
			baseConfigurationReference = B6ECA97CDF2A096BAE021070 /* Pods-FinanceApp.release.xcconfig */;
			buildSettings = {
				ASSETCATALOG_COMPILER_APPICON_NAME = AppIcon;
				CODE_SIGN_IDENTITY = "iPhone Developer";
				CODE_SIGN_STYLE = Manual;
				DEVELOPMENT_TEAM = "";
				INFOPLIST_FILE = FinanceApp/Resources/Info.plist;
				LD_RUNPATH_SEARCH_PATHS = (
					"$(inherited)",
					"@executable_path/Frameworks",
				);
				PRODUCT_BUNDLE_IDENTIFIER = com.devpass.FinanceApp;
				PROVISIONING_PROFILE = Wildcard;
				SDKROOT = iphoneos;
				TARGETED_DEVICE_FAMILY = "1,2";
			};
			name = Release;
		};
		C0C08D7265B8840C9CE4649E /* Release */ = {
			isa = XCBuildConfiguration;
			baseConfigurationReference = 1A519D5489B553A5F9984505 /* Pods-FinanceApp-FinanceAppUITests.release.xcconfig */;
			buildSettings = {
				BUNDLE_LOADER = "$(TEST_HOST)";
				INFOPLIST_FILE = FinanceAppUITests/Info.plist;
				LD_RUNPATH_SEARCH_PATHS = (
					"$(inherited)",
					"@executable_path/Frameworks",
					"@loader_path/Frameworks",
				);
				SDKROOT = iphoneos;
				TARGETED_DEVICE_FAMILY = "1,2";
				TEST_TARGET_NAME = FinanceApp;
			};
			name = Release;
		};
		C79AA9F410A9CDFBBD6D509A /* Release */ = {
			isa = XCBuildConfiguration;
			baseConfigurationReference = 5D1F212C858B6BF6BD7FF76C /* Pods-FinanceApp-FinanceAppTests.release.xcconfig */;
			buildSettings = {
				BUNDLE_LOADER = "$(TEST_HOST)";
				INFOPLIST_FILE = FinanceAppTests/Info.plist;
				LD_RUNPATH_SEARCH_PATHS = (
					"$(inherited)",
					"@executable_path/Frameworks",
					"@loader_path/Frameworks",
				);
				SDKROOT = iphoneos;
				TARGETED_DEVICE_FAMILY = "1,2";
				TEST_HOST = "$(BUILT_PRODUCTS_DIR)/FinanceApp.app/FinanceApp";
			};
			name = Release;
		};
		DEFAC43BABCBD9A94D5A6762 /* Debug */ = {
			isa = XCBuildConfiguration;
			baseConfigurationReference = 588774514CF759AE6306B8C0 /* Pods-FinanceApp-FinanceAppUITests.debug.xcconfig */;
			buildSettings = {
				BUNDLE_LOADER = "$(TEST_HOST)";
				INFOPLIST_FILE = FinanceAppUITests/Info.plist;
				LD_RUNPATH_SEARCH_PATHS = (
					"$(inherited)",
					"@executable_path/Frameworks",
					"@loader_path/Frameworks",
				);
				SDKROOT = iphoneos;
				TARGETED_DEVICE_FAMILY = "1,2";
				TEST_TARGET_NAME = FinanceApp;
			};
			name = Debug;
		};
		FF59084E303E30C70D9CB53F /* Release */ = {
			isa = XCBuildConfiguration;
			buildSettings = {
				ALWAYS_EMBED_SWIFT_STANDARD_LIBRARIES = YES;
				ALWAYS_SEARCH_USER_PATHS = NO;
				ARCHS = "$(ARCHS_STANDARD)";
				CLANG_ANALYZER_NONNULL = YES;
				CLANG_ANALYZER_NUMBER_OBJECT_CONVERSION = YES_AGGRESSIVE;
				CLANG_CXX_LANGUAGE_STANDARD = "gnu++14";
				CLANG_CXX_LIBRARY = "libc++";
				CLANG_ENABLE_MODULES = YES;
				CLANG_ENABLE_OBJC_ARC = YES;
				CLANG_ENABLE_OBJC_WEAK = YES;
				CLANG_WARN_BLOCK_CAPTURE_AUTORELEASING = YES;
				CLANG_WARN_BOOL_CONVERSION = YES;
				CLANG_WARN_COMMA = YES;
				CLANG_WARN_CONSTANT_CONVERSION = YES;
				CLANG_WARN_DEPRECATED_OBJC_IMPLEMENTATIONS = YES;
				CLANG_WARN_DIRECT_OBJC_ISA_USAGE = YES_ERROR;
				CLANG_WARN_DOCUMENTATION_COMMENTS = YES;
				CLANG_WARN_EMPTY_BODY = YES;
				CLANG_WARN_ENUM_CONVERSION = YES;
				CLANG_WARN_INFINITE_RECURSION = YES;
				CLANG_WARN_INT_CONVERSION = YES;
				CLANG_WARN_NON_LITERAL_NULL_CONVERSION = YES;
				CLANG_WARN_OBJC_IMPLICIT_RETAIN_SELF = YES;
				CLANG_WARN_OBJC_LITERAL_CONVERSION = YES;
				CLANG_WARN_OBJC_ROOT_CLASS = YES_ERROR;
				CLANG_WARN_QUOTED_INCLUDE_IN_FRAMEWORK_HEADER = YES;
				CLANG_WARN_RANGE_LOOP_ANALYSIS = YES;
				CLANG_WARN_STRICT_PROTOTYPES = YES;
				CLANG_WARN_SUSPICIOUS_MOVE = YES;
				CLANG_WARN_UNGUARDED_AVAILABILITY = YES_AGGRESSIVE;
				CLANG_WARN_UNREACHABLE_CODE = YES;
				CLANG_WARN__DUPLICATE_METHOD_MATCH = YES;
				CODE_SIGN_IDENTITY = "iPhone Developer";
				COPY_PHASE_STRIP = NO;
				DEBUG_INFORMATION_FORMAT = "dwarf-with-dsym";
				ENABLE_NS_ASSERTIONS = NO;
				ENABLE_STRICT_OBJC_MSGSEND = YES;
				GCC_C_LANGUAGE_STANDARD = gnu11;
				GCC_NO_COMMON_BLOCKS = YES;
				GCC_WARN_64_TO_32_BIT_CONVERSION = YES;
				GCC_WARN_ABOUT_RETURN_TYPE = YES_ERROR;
				GCC_WARN_UNDECLARED_SELECTOR = YES;
				GCC_WARN_UNINITIALIZED_AUTOS = YES_AGGRESSIVE;
				GCC_WARN_UNUSED_FUNCTION = YES;
				GCC_WARN_UNUSED_VARIABLE = YES;
				IPHONEOS_DEPLOYMENT_TARGET = 13.0;
				MARKETING_VERSION = 1.0.0;
				MTL_ENABLE_DEBUG_INFO = NO;
				MTL_FAST_MATH = YES;
				PRODUCT_NAME = "$(TARGET_NAME)";
				SDKROOT = iphoneos;
				SWIFT_COMPILATION_MODE = wholemodule;
				SWIFT_OPTIMIZATION_LEVEL = "-O";
				SWIFT_VERSION = 5.4;
				VERSIONING_SYSTEM = "apple-generic";
			};
			name = Release;
		};
/* End XCBuildConfiguration section */

/* Begin XCConfigurationList section */
		10880C3807283129FCCA0926 /* Build configuration list for PBXNativeTarget "FinanceApp" */ = {
			isa = XCConfigurationList;
			buildConfigurations = (
				640D4A1E8DD181082E61A4F2 /* Debug */,
				6F814397452B25B3C7842525 /* Release */,
			);
			defaultConfigurationIsVisible = 0;
			defaultConfigurationName = Debug;
		};
		3D389913F47E61BD30E75F42 /* Build configuration list for PBXProject "FinanceApp" */ = {
			isa = XCConfigurationList;
			buildConfigurations = (
				343F15AA0229DDE8851DE156 /* Debug */,
				FF59084E303E30C70D9CB53F /* Release */,
			);
			defaultConfigurationIsVisible = 0;
			defaultConfigurationName = Debug;
		};
		790EE3660AE054DE62EEC8E2 /* Build configuration list for PBXNativeTarget "FinanceAppTests" */ = {
			isa = XCConfigurationList;
			buildConfigurations = (
				29CD84FC440408C334262976 /* Debug */,
				C79AA9F410A9CDFBBD6D509A /* Release */,
			);
			defaultConfigurationIsVisible = 0;
			defaultConfigurationName = Debug;
		};
		D79D02C196F584B352AF7230 /* Build configuration list for PBXNativeTarget "FinanceAppUITests" */ = {
			isa = XCConfigurationList;
			buildConfigurations = (
				DEFAC43BABCBD9A94D5A6762 /* Debug */,
				C0C08D7265B8840C9CE4649E /* Release */,
			);
			defaultConfigurationIsVisible = 0;
			defaultConfigurationName = Debug;
		};
/* End XCConfigurationList section */
	};
	rootObject = 2AB1CACC86CDDCD4EEDD6F2B /* Project object */;
}
