// !$*UTF8*$!
{
	archiveVersion = 1;
	classes = {
	};
	objectVersion = 52;
	objects = {

/* Begin PBXBuildFile section */
		10EE3AA51138AF31E570F55F /* UserProfile.framework in Embed Frameworks */ = {isa = PBXBuildFile; fileRef = 9C045FB59EDE1E564FD20A1A /* UserProfile.framework */; settings = {ATTRIBUTES = (CodeSignOnCopy, RemoveHeadersOnCopy, ); }; };
		2F1F8BE2296B1DE40025E42B /* UserProfileViewControllerTests.swift in Sources */ = {isa = PBXBuildFile; fileRef = 2F1F8BE1296B1DE40025E42B /* UserProfileViewControllerTests.swift */; };
		3A4DB8597E29755F04A315EB /* UserProfileViewController.swift in Sources */ = {isa = PBXBuildFile; fileRef = E555EEBD468FAD1ACFE08795 /* UserProfileViewController.swift */; };
		41EA217B8448B1E5F71C93B5 /* UserProfileView.swift in Sources */ = {isa = PBXBuildFile; fileRef = E73608E1153F6ED321E8D054 /* UserProfileView.swift */; };
		8542A4AEB229277BA39B04DD /* Pods_UserProfile_UserProfileTests.framework in Frameworks */ = {isa = PBXBuildFile; fileRef = B31134E3048BA54BC8BAC525 /* Pods_UserProfile_UserProfileTests.framework */; };
		9E7135771E95B14C2FC03AB0 /* Strings.swift in Sources */ = {isa = PBXBuildFile; fileRef = ABEEF4CDCDB6A7D66984B15D /* Strings.swift */; };
		BFCE9F3104E9C449FB4573B0 /* Pods_UserProfile.framework in Frameworks */ = {isa = PBXBuildFile; fileRef = 79A2D89DFA39B0118F6584F1 /* Pods_UserProfile.framework */; };
		C72E38A6F697F9010E8F0D76 /* Localizable.strings in Resources */ = {isa = PBXBuildFile; fileRef = DA80E8E5786BB9F79EA2767F /* Localizable.strings */; };
		FB69148DA33251EAAFD4FCEC /* UserProfile.framework in Frameworks */ = {isa = PBXBuildFile; fileRef = 9C045FB59EDE1E564FD20A1A /* UserProfile.framework */; };
/* End PBXBuildFile section */

/* Begin PBXContainerItemProxy section */
		D0EB391EB8B40DEA53EE38A7 /* PBXContainerItemProxy */ = {
			isa = PBXContainerItemProxy;
			containerPortal = FD676CE33ED67164F35C5F59 /* Project object */;
			proxyType = 1;
			remoteGlobalIDString = D0FA42AF4A85251C27E15993;
			remoteInfo = UserProfile;
		};
/* End PBXContainerItemProxy section */

/* Begin PBXCopyFilesBuildPhase section */
		BBECBEC035F77F4E02ABDDF1 /* Embed Frameworks */ = {
			isa = PBXCopyFilesBuildPhase;
			buildActionMask = 2147483647;
			dstPath = "";
			dstSubfolderSpec = 10;
			files = (
				10EE3AA51138AF31E570F55F /* UserProfile.framework in Embed Frameworks */,
			);
			name = "Embed Frameworks";
			runOnlyForDeploymentPostprocessing = 0;
		};
/* End PBXCopyFilesBuildPhase section */

/* Begin PBXFileReference section */
		0CD2C18C0C96813B1F03D8E4 /* Pods-UserProfile-UserProfileTests.debug.xcconfig */ = {isa = PBXFileReference; includeInIndex = 1; lastKnownFileType = text.xcconfig; name = "Pods-UserProfile-UserProfileTests.debug.xcconfig"; path = "Target Support Files/Pods-UserProfile-UserProfileTests/Pods-UserProfile-UserProfileTests.debug.xcconfig"; sourceTree = "<group>"; };
		12DCE7A52B78684ACBA69265 /* Pods-UserProfile-UserProfileTests.release.xcconfig */ = {isa = PBXFileReference; includeInIndex = 1; lastKnownFileType = text.xcconfig; name = "Pods-UserProfile-UserProfileTests.release.xcconfig"; path = "Target Support Files/Pods-UserProfile-UserProfileTests/Pods-UserProfile-UserProfileTests.release.xcconfig"; sourceTree = "<group>"; };
		14CF79B6E84A843B0CA917AF /* Pods-UserProfile.release.xcconfig */ = {isa = PBXFileReference; includeInIndex = 1; lastKnownFileType = text.xcconfig; name = "Pods-UserProfile.release.xcconfig"; path = "Target Support Files/Pods-UserProfile/Pods-UserProfile.release.xcconfig"; sourceTree = "<group>"; };
		2F1F8BE1296B1DE40025E42B /* UserProfileViewControllerTests.swift */ = {isa = PBXFileReference; lastKnownFileType = sourcecode.swift; path = UserProfileViewControllerTests.swift; sourceTree = "<group>"; };
		7134ED0BCBDAEA6B3F0AF0C9 /* Info.plist */ = {isa = PBXFileReference; lastKnownFileType = text.plist; path = Info.plist; sourceTree = "<group>"; };
		79A2D89DFA39B0118F6584F1 /* Pods_UserProfile.framework */ = {isa = PBXFileReference; explicitFileType = wrapper.framework; includeInIndex = 0; path = Pods_UserProfile.framework; sourceTree = BUILT_PRODUCTS_DIR; };
		7A1CD61C76F9A7C937D66A24 /* UserProfileTests.xctest */ = {isa = PBXFileReference; explicitFileType = wrapper.cfbundle; includeInIndex = 0; path = UserProfileTests.xctest; sourceTree = BUILT_PRODUCTS_DIR; };
		9C045FB59EDE1E564FD20A1A /* UserProfile.framework */ = {isa = PBXFileReference; explicitFileType = wrapper.framework; includeInIndex = 0; path = UserProfile.framework; sourceTree = BUILT_PRODUCTS_DIR; };
		ABEEF4CDCDB6A7D66984B15D /* Strings.swift */ = {isa = PBXFileReference; lastKnownFileType = sourcecode.swift; path = Strings.swift; sourceTree = "<group>"; };
		B31134E3048BA54BC8BAC525 /* Pods_UserProfile_UserProfileTests.framework */ = {isa = PBXFileReference; explicitFileType = wrapper.framework; includeInIndex = 0; path = Pods_UserProfile_UserProfileTests.framework; sourceTree = BUILT_PRODUCTS_DIR; };
		C081DB1DDE348C7998932966 /* Pods-UserProfile.debug.xcconfig */ = {isa = PBXFileReference; includeInIndex = 1; lastKnownFileType = text.xcconfig; name = "Pods-UserProfile.debug.xcconfig"; path = "Target Support Files/Pods-UserProfile/Pods-UserProfile.debug.xcconfig"; sourceTree = "<group>"; };
		D09887A005559EC964E9D2DE /* Info.plist */ = {isa = PBXFileReference; lastKnownFileType = text.plist; path = Info.plist; sourceTree = "<group>"; };
		DA80E8E5786BB9F79EA2767F /* Localizable.strings */ = {isa = PBXFileReference; lastKnownFileType = text.plist.strings; path = Localizable.strings; sourceTree = "<group>"; };
		E555EEBD468FAD1ACFE08795 /* UserProfileViewController.swift */ = {isa = PBXFileReference; lastKnownFileType = sourcecode.swift; path = UserProfileViewController.swift; sourceTree = "<group>"; };
		E73608E1153F6ED321E8D054 /* UserProfileView.swift */ = {isa = PBXFileReference; lastKnownFileType = sourcecode.swift; path = UserProfileView.swift; sourceTree = "<group>"; };
/* End PBXFileReference section */

/* Begin PBXFrameworksBuildPhase section */
		57B36028C86CDFC883BF4682 /* Frameworks */ = {
			isa = PBXFrameworksBuildPhase;
			buildActionMask = 2147483647;
			files = (
				BFCE9F3104E9C449FB4573B0 /* Pods_UserProfile.framework in Frameworks */,
			);
			runOnlyForDeploymentPostprocessing = 0;
		};
		65595B285EAEF87506494EB6 /* Frameworks */ = {
			isa = PBXFrameworksBuildPhase;
			buildActionMask = 2147483647;
			files = (
				FB69148DA33251EAAFD4FCEC /* UserProfile.framework in Frameworks */,
				8542A4AEB229277BA39B04DD /* Pods_UserProfile_UserProfileTests.framework in Frameworks */,
			);
			runOnlyForDeploymentPostprocessing = 0;
		};
/* End PBXFrameworksBuildPhase section */

/* Begin PBXGroup section */
		0484DC3D50DB8F2BA737F8C2 /* UserProfile */ = {
			isa = PBXGroup;
			children = (
				D09887A005559EC964E9D2DE /* Info.plist */,
				F15C4F73AC2AA1D18CD64C1B /* Classes */,
				8647E3EFB9A3D22FB9DEADCF /* Generated */,
				DBEF245B3879CD2679CECE87 /* Resources */,
			);
			path = UserProfile;
			sourceTree = "<group>";
		};
		5C7C843E459DA814CEC4B281 /* Pods */ = {
			isa = PBXGroup;
			children = (
				C081DB1DDE348C7998932966 /* Pods-UserProfile.debug.xcconfig */,
				14CF79B6E84A843B0CA917AF /* Pods-UserProfile.release.xcconfig */,
				0CD2C18C0C96813B1F03D8E4 /* Pods-UserProfile-UserProfileTests.debug.xcconfig */,
				12DCE7A52B78684ACBA69265 /* Pods-UserProfile-UserProfileTests.release.xcconfig */,
			);
			path = Pods;
			sourceTree = "<group>";
		};
		7FB51CDE9CDCAF4D85FAC103 = {
			isa = PBXGroup;
			children = (
				0484DC3D50DB8F2BA737F8C2 /* UserProfile */,
				B1DA9C4588CCECA30B70C73A /* UserProfileTests */,
				B779CBE346BF2CA28C314D5C /* Products */,
				5C7C843E459DA814CEC4B281 /* Pods */,
				A3E82E98FBBA79C708EFF168 /* Frameworks */,
			);
			sourceTree = "<group>";
		};
		8647E3EFB9A3D22FB9DEADCF /* Generated */ = {
			isa = PBXGroup;
			children = (
				ABEEF4CDCDB6A7D66984B15D /* Strings.swift */,
			);
			path = Generated;
			sourceTree = "<group>";
		};
		A3E82E98FBBA79C708EFF168 /* Frameworks */ = {
			isa = PBXGroup;
			children = (
				79A2D89DFA39B0118F6584F1 /* Pods_UserProfile.framework */,
				B31134E3048BA54BC8BAC525 /* Pods_UserProfile_UserProfileTests.framework */,
			);
			name = Frameworks;
			sourceTree = "<group>";
		};
		B1DA9C4588CCECA30B70C73A /* UserProfileTests */ = {
			isa = PBXGroup;
			children = (
				7134ED0BCBDAEA6B3F0AF0C9 /* Info.plist */,
				2F1F8BE1296B1DE40025E42B /* UserProfileViewControllerTests.swift */,
			);
			path = UserProfileTests;
			sourceTree = "<group>";
		};
		B779CBE346BF2CA28C314D5C /* Products */ = {
			isa = PBXGroup;
			children = (
				9C045FB59EDE1E564FD20A1A /* UserProfile.framework */,
				7A1CD61C76F9A7C937D66A24 /* UserProfileTests.xctest */,
			);
			name = Products;
			sourceTree = "<group>";
		};
		DBEF245B3879CD2679CECE87 /* Resources */ = {
			isa = PBXGroup;
			children = (
				DA80E8E5786BB9F79EA2767F /* Localizable.strings */,
			);
			path = Resources;
			sourceTree = "<group>";
		};
		F15C4F73AC2AA1D18CD64C1B /* Classes */ = {
			isa = PBXGroup;
			children = (
				E73608E1153F6ED321E8D054 /* UserProfileView.swift */,
				E555EEBD468FAD1ACFE08795 /* UserProfileViewController.swift */,
			);
			path = Classes;
			sourceTree = "<group>";
		};
/* End PBXGroup section */

/* Begin PBXNativeTarget section */
		8D6AD510DE3FBD74346B83AE /* UserProfileTests */ = {
			isa = PBXNativeTarget;
			buildConfigurationList = 3BC3A30494946CFC1ACA5CD3 /* Build configuration list for PBXNativeTarget "UserProfileTests" */;
			buildPhases = (
				E97D449F242F14F010039A8C /* [CP] Check Pods Manifest.lock */,
				B42D32BB4D05BAE9BC808E30 /* Sources */,
				65595B285EAEF87506494EB6 /* Frameworks */,
				BBECBEC035F77F4E02ABDDF1 /* Embed Frameworks */,
				A2F4DB8E07E97DB9810B79EA /* [CP] Embed Pods Frameworks */,
			);
			buildRules = (
			);
			dependencies = (
				DD5D0351100CD5D1546F5B15 /* PBXTargetDependency */,
			);
			name = UserProfileTests;
			productName = UserProfileTests;
			productReference = 7A1CD61C76F9A7C937D66A24 /* UserProfileTests.xctest */;
			productType = "com.apple.product-type.bundle.unit-test";
		};
		D0FA42AF4A85251C27E15993 /* UserProfile */ = {
			isa = PBXNativeTarget;
			buildConfigurationList = 579F735B144AB36473FEEF4C /* Build configuration list for PBXNativeTarget "UserProfile" */;
			buildPhases = (
				F62C576A77B1B412A2287F4B /* [CP] Check Pods Manifest.lock */,
				39A70CD70EC268718661B84E /* SwiftGen */,
				4345B59EFD3DE8CD9C4BFBEB /* Sources */,
				2DE0683951D0F27A25768FEE /* Resources */,
				DFB452F063E3B4ACDEF9297D /* SwiftLint */,
				57B36028C86CDFC883BF4682 /* Frameworks */,
			);
			buildRules = (
			);
			dependencies = (
			);
			name = UserProfile;
			productName = UserProfile;
			productReference = 9C045FB59EDE1E564FD20A1A /* UserProfile.framework */;
			productType = "com.apple.product-type.framework";
		};
/* End PBXNativeTarget section */

/* Begin PBXProject section */
		FD676CE33ED67164F35C5F59 /* Project object */ = {
			isa = PBXProject;
			attributes = {
				LastUpgradeCheck = 1300;
				TargetAttributes = {
					8D6AD510DE3FBD74346B83AE = {
						LastSwiftMigration = 1410;
					};
					D0FA42AF4A85251C27E15993 = {
						DevelopmentTeam = "";
						ProvisioningStyle = Manual;
					};
				};
			};
			buildConfigurationList = 6B9DADA2B2BE458EB2CE36B6 /* Build configuration list for PBXProject "UserProfile" */;
			compatibilityVersion = "Xcode 11.0";
			developmentRegion = "pt-BR";
			hasScannedForEncodings = 0;
			knownRegions = (
				Base,
				"pt-BR",
			);
			mainGroup = 7FB51CDE9CDCAF4D85FAC103;
			productRefGroup = B779CBE346BF2CA28C314D5C /* Products */;
			projectDirPath = "";
			projectRoot = "";
			targets = (
				D0FA42AF4A85251C27E15993 /* UserProfile */,
				8D6AD510DE3FBD74346B83AE /* UserProfileTests */,
			);
		};
/* End PBXProject section */

/* Begin PBXResourcesBuildPhase section */
		2DE0683951D0F27A25768FEE /* Resources */ = {
			isa = PBXResourcesBuildPhase;
			buildActionMask = 2147483647;
			files = (
				C72E38A6F697F9010E8F0D76 /* Localizable.strings in Resources */,
			);
			runOnlyForDeploymentPostprocessing = 0;
		};
/* End PBXResourcesBuildPhase section */

/* Begin PBXShellScriptBuildPhase section */
		39A70CD70EC268718661B84E /* SwiftGen */ = {
			isa = PBXShellScriptBuildPhase;
			buildActionMask = 2147483647;
			files = (
			);
			inputFileListPaths = (
			);
			inputPaths = (
			);
			name = SwiftGen;
			outputFileListPaths = (
			);
			outputPaths = (
			);
			runOnlyForDeploymentPostprocessing = 0;
			shellPath = /bin/sh;
			shellScript = "${PODS_ROOT}/SwiftGen/bin/swiftgen";
		};
		A2F4DB8E07E97DB9810B79EA /* [CP] Embed Pods Frameworks */ = {
			isa = PBXShellScriptBuildPhase;
			buildActionMask = 2147483647;
			files = (
			);
			inputFileListPaths = (
				"${PODS_ROOT}/Target Support Files/Pods-UserProfile-UserProfileTests/Pods-UserProfile-UserProfileTests-frameworks-${CONFIGURATION}-input-files.xcfilelist",
			);
			name = "[CP] Embed Pods Frameworks";
			outputFileListPaths = (
				"${PODS_ROOT}/Target Support Files/Pods-UserProfile-UserProfileTests/Pods-UserProfile-UserProfileTests-frameworks-${CONFIGURATION}-output-files.xcfilelist",
			);
			runOnlyForDeploymentPostprocessing = 0;
			shellPath = /bin/sh;
			shellScript = "\"${PODS_ROOT}/Target Support Files/Pods-UserProfile-UserProfileTests/Pods-UserProfile-UserProfileTests-frameworks.sh\"\n";
			showEnvVarsInLog = 0;
		};
		DFB452F063E3B4ACDEF9297D /* SwiftLint */ = {
			isa = PBXShellScriptBuildPhase;
			buildActionMask = 2147483647;
			files = (
			);
			inputFileListPaths = (
			);
			inputPaths = (
			);
			name = SwiftLint;
			outputFileListPaths = (
			);
			outputPaths = (
			);
			runOnlyForDeploymentPostprocessing = 0;
			shellPath = /bin/sh;
			shellScript = "${PODS_ROOT}/SwiftLint/swiftlint";
		};
		E97D449F242F14F010039A8C /* [CP] Check Pods Manifest.lock */ = {
			isa = PBXShellScriptBuildPhase;
			buildActionMask = 2147483647;
			files = (
			);
			inputFileListPaths = (
			);
			inputPaths = (
				"${PODS_PODFILE_DIR_PATH}/Podfile.lock",
				"${PODS_ROOT}/Manifest.lock",
			);
			name = "[CP] Check Pods Manifest.lock";
			outputFileListPaths = (
			);
			outputPaths = (
				"$(DERIVED_FILE_DIR)/Pods-UserProfile-UserProfileTests-checkManifestLockResult.txt",
			);
			runOnlyForDeploymentPostprocessing = 0;
			shellPath = /bin/sh;
			shellScript = "diff \"${PODS_PODFILE_DIR_PATH}/Podfile.lock\" \"${PODS_ROOT}/Manifest.lock\" > /dev/null\nif [ $? != 0 ] ; then\n    # print error to STDERR\n    echo \"error: The sandbox is not in sync with the Podfile.lock. Run 'pod install' or update your CocoaPods installation.\" >&2\n    exit 1\nfi\n# This output is used by Xcode 'outputs' to avoid re-running this script phase.\necho \"SUCCESS\" > \"${SCRIPT_OUTPUT_FILE_0}\"\n";
			showEnvVarsInLog = 0;
		};
		F62C576A77B1B412A2287F4B /* [CP] Check Pods Manifest.lock */ = {
			isa = PBXShellScriptBuildPhase;
			buildActionMask = 2147483647;
			files = (
			);
			inputFileListPaths = (
			);
			inputPaths = (
				"${PODS_PODFILE_DIR_PATH}/Podfile.lock",
				"${PODS_ROOT}/Manifest.lock",
			);
			name = "[CP] Check Pods Manifest.lock";
			outputFileListPaths = (
			);
			outputPaths = (
				"$(DERIVED_FILE_DIR)/Pods-UserProfile-checkManifestLockResult.txt",
			);
			runOnlyForDeploymentPostprocessing = 0;
			shellPath = /bin/sh;
			shellScript = "diff \"${PODS_PODFILE_DIR_PATH}/Podfile.lock\" \"${PODS_ROOT}/Manifest.lock\" > /dev/null\nif [ $? != 0 ] ; then\n    # print error to STDERR\n    echo \"error: The sandbox is not in sync with the Podfile.lock. Run 'pod install' or update your CocoaPods installation.\" >&2\n    exit 1\nfi\n# This output is used by Xcode 'outputs' to avoid re-running this script phase.\necho \"SUCCESS\" > \"${SCRIPT_OUTPUT_FILE_0}\"\n";
			showEnvVarsInLog = 0;
		};
/* End PBXShellScriptBuildPhase section */

/* Begin PBXSourcesBuildPhase section */
		4345B59EFD3DE8CD9C4BFBEB /* Sources */ = {
			isa = PBXSourcesBuildPhase;
			buildActionMask = 2147483647;
			files = (
				9E7135771E95B14C2FC03AB0 /* Strings.swift in Sources */,
				41EA217B8448B1E5F71C93B5 /* UserProfileView.swift in Sources */,
				3A4DB8597E29755F04A315EB /* UserProfileViewController.swift in Sources */,
			);
			runOnlyForDeploymentPostprocessing = 0;
		};
		B42D32BB4D05BAE9BC808E30 /* Sources */ = {
			isa = PBXSourcesBuildPhase;
			buildActionMask = 2147483647;
			files = (
				2F1F8BE2296B1DE40025E42B /* UserProfileViewControllerTests.swift in Sources */,
			);
			runOnlyForDeploymentPostprocessing = 0;
		};
/* End PBXSourcesBuildPhase section */

/* Begin PBXTargetDependency section */
		DD5D0351100CD5D1546F5B15 /* PBXTargetDependency */ = {
			isa = PBXTargetDependency;
			target = D0FA42AF4A85251C27E15993 /* UserProfile */;
			targetProxy = D0EB391EB8B40DEA53EE38A7 /* PBXContainerItemProxy */;
		};
/* End PBXTargetDependency section */

/* Begin XCBuildConfiguration section */
		1941113A8878EEF2355E5850 /* Debug */ = {
			isa = XCBuildConfiguration;
			baseConfigurationReference = C081DB1DDE348C7998932966 /* Pods-UserProfile.debug.xcconfig */;
			buildSettings = {
				ARCHS = "$(ARCHS_STANDARD)";
				CODE_SIGN_IDENTITY = "";
				CODE_SIGN_STYLE = Manual;
				CURRENT_PROJECT_VERSION = 1;
				DEFINES_MODULE = YES;
				DEVELOPMENT_TEAM = "";
				DYLIB_COMPATIBILITY_VERSION = 1;
				DYLIB_CURRENT_VERSION = 1;
				DYLIB_INSTALL_NAME_BASE = "@rpath";
				ENABLE_BITCODE = NO;
				INFOPLIST_FILE = UserProfile/Info.plist;
				INSTALL_PATH = "$(LOCAL_LIBRARY_DIR)/Frameworks";
				LD_RUNPATH_SEARCH_PATHS = (
					"$(inherited)",
					"@executable_path/Frameworks",
				);
				PRODUCT_BUNDLE_IDENTIFIER = br.com.microfrontendGenerator.UserProfile;
				SDKROOT = iphoneos;
				SKIP_INSTALL = YES;
				TARGETED_DEVICE_FAMILY = 1;
				VERSIONING_SYSTEM = "apple-generic";
			};
			name = Debug;
		};
		1CA93438AB36F143CE0354D2 /* Release */ = {
			isa = XCBuildConfiguration;
			baseConfigurationReference = 14CF79B6E84A843B0CA917AF /* Pods-UserProfile.release.xcconfig */;
			buildSettings = {
				ARCHS = "$(ARCHS_STANDARD)";
				CODE_SIGN_IDENTITY = "";
				CODE_SIGN_STYLE = Manual;
				CURRENT_PROJECT_VERSION = 1;
				DEFINES_MODULE = YES;
				DEVELOPMENT_TEAM = "";
				DYLIB_COMPATIBILITY_VERSION = 1;
				DYLIB_CURRENT_VERSION = 1;
				DYLIB_INSTALL_NAME_BASE = "@rpath";
				ENABLE_BITCODE = NO;
				INFOPLIST_FILE = UserProfile/Info.plist;
				INSTALL_PATH = "$(LOCAL_LIBRARY_DIR)/Frameworks";
				LD_RUNPATH_SEARCH_PATHS = (
					"$(inherited)",
					"@executable_path/Frameworks",
				);
				PRODUCT_BUNDLE_IDENTIFIER = br.com.microfrontendGenerator.UserProfile;
				SDKROOT = iphoneos;
				SKIP_INSTALL = YES;
				TARGETED_DEVICE_FAMILY = 1;
				VERSIONING_SYSTEM = "apple-generic";
			};
			name = Release;
		};
		9301A87C9C4D0D8322C359E4 /* Release */ = {
			isa = XCBuildConfiguration;
			buildSettings = {
				ALWAYS_EMBED_SWIFT_STANDARD_LIBRARIES = YES;
				ALWAYS_SEARCH_USER_PATHS = NO;
				ARCHS = "$(ARCHS_STANDARD)";
				CLANG_ANALYZER_NONNULL = YES;
				CLANG_ANALYZER_NUMBER_OBJECT_CONVERSION = YES_AGGRESSIVE;
				CLANG_CXX_LANGUAGE_STANDARD = "gnu++14";
				CLANG_CXX_LIBRARY = "libc++";
				CLANG_ENABLE_MODULES = YES;
				CLANG_ENABLE_OBJC_ARC = YES;
				CLANG_ENABLE_OBJC_WEAK = YES;
				CLANG_WARN_BLOCK_CAPTURE_AUTORELEASING = YES;
				CLANG_WARN_BOOL_CONVERSION = YES;
				CLANG_WARN_COMMA = YES;
				CLANG_WARN_CONSTANT_CONVERSION = YES;
				CLANG_WARN_DEPRECATED_OBJC_IMPLEMENTATIONS = YES;
				CLANG_WARN_DIRECT_OBJC_ISA_USAGE = YES_ERROR;
				CLANG_WARN_DOCUMENTATION_COMMENTS = YES;
				CLANG_WARN_EMPTY_BODY = YES;
				CLANG_WARN_ENUM_CONVERSION = YES;
				CLANG_WARN_INFINITE_RECURSION = YES;
				CLANG_WARN_INT_CONVERSION = YES;
				CLANG_WARN_NON_LITERAL_NULL_CONVERSION = YES;
				CLANG_WARN_OBJC_IMPLICIT_RETAIN_SELF = YES;
				CLANG_WARN_OBJC_LITERAL_CONVERSION = YES;
				CLANG_WARN_OBJC_ROOT_CLASS = YES_ERROR;
				CLANG_WARN_QUOTED_INCLUDE_IN_FRAMEWORK_HEADER = YES;
				CLANG_WARN_RANGE_LOOP_ANALYSIS = YES;
				CLANG_WARN_STRICT_PROTOTYPES = YES;
				CLANG_WARN_SUSPICIOUS_MOVE = YES;
				CLANG_WARN_UNGUARDED_AVAILABILITY = YES_AGGRESSIVE;
				CLANG_WARN_UNREACHABLE_CODE = YES;
				CLANG_WARN__DUPLICATE_METHOD_MATCH = YES;
				CODE_SIGN_IDENTITY = "iPhone Developer";
				COPY_PHASE_STRIP = NO;
				DEBUG_INFORMATION_FORMAT = "dwarf-with-dsym";
				ENABLE_NS_ASSERTIONS = NO;
				ENABLE_STRICT_OBJC_MSGSEND = YES;
				GCC_C_LANGUAGE_STANDARD = gnu11;
				GCC_NO_COMMON_BLOCKS = YES;
				GCC_WARN_64_TO_32_BIT_CONVERSION = YES;
				GCC_WARN_ABOUT_RETURN_TYPE = YES_ERROR;
				GCC_WARN_UNDECLARED_SELECTOR = YES;
				GCC_WARN_UNINITIALIZED_AUTOS = YES_AGGRESSIVE;
				GCC_WARN_UNUSED_FUNCTION = YES;
				GCC_WARN_UNUSED_VARIABLE = YES;
				IPHONEOS_DEPLOYMENT_TARGET = 13.0;
				MARKETING_VERSION = 0.1.0;
				MTL_ENABLE_DEBUG_INFO = NO;
				MTL_FAST_MATH = YES;
				PRODUCT_NAME = "$(TARGET_NAME)";
				SDKROOT = iphoneos;
				SWIFT_COMPILATION_MODE = wholemodule;
				SWIFT_OPTIMIZATION_LEVEL = "-O";
				SWIFT_VERSION = 5.4;
				VERSIONING_SYSTEM = "apple-generic";
			};
			name = Release;
		};
		B8139C1FD88D4214EB6BD652 /* Debug */ = {
			isa = XCBuildConfiguration;
			baseConfigurationReference = 0CD2C18C0C96813B1F03D8E4 /* Pods-UserProfile-UserProfileTests.debug.xcconfig */;
			buildSettings = {
				BUNDLE_LOADER = "$(TEST_HOST)";
				CLANG_ENABLE_MODULES = YES;
				INFOPLIST_FILE = UserProfileTests/Info.plist;
				LD_RUNPATH_SEARCH_PATHS = (
					"$(inherited)",
					"@executable_path/Frameworks",
					"@loader_path/Frameworks",
				);
				SDKROOT = iphoneos;
				SWIFT_OPTIMIZATION_LEVEL = "-Onone";
				SWIFT_VERSION = 5.0;
				TARGETED_DEVICE_FAMILY = "1,2";
			};
			name = Debug;
		};
		C84465667DA907246557D327 /* Release */ = {
			isa = XCBuildConfiguration;
			baseConfigurationReference = 12DCE7A52B78684ACBA69265 /* Pods-UserProfile-UserProfileTests.release.xcconfig */;
			buildSettings = {
				BUNDLE_LOADER = "$(TEST_HOST)";
				CLANG_ENABLE_MODULES = YES;
				INFOPLIST_FILE = UserProfileTests/Info.plist;
				LD_RUNPATH_SEARCH_PATHS = (
					"$(inherited)",
					"@executable_path/Frameworks",
					"@loader_path/Frameworks",
				);
				SDKROOT = iphoneos;
				SWIFT_VERSION = 5.0;
				TARGETED_DEVICE_FAMILY = "1,2";
			};
			name = Release;
		};
		FE7B45C4D7005505F205C305 /* Debug */ = {
			isa = XCBuildConfiguration;
			buildSettings = {
				ALWAYS_EMBED_SWIFT_STANDARD_LIBRARIES = YES;
				ALWAYS_SEARCH_USER_PATHS = NO;
				ARCHS = "$(ARCHS_STANDARD)";
				CLANG_ANALYZER_NONNULL = YES;
				CLANG_ANALYZER_NUMBER_OBJECT_CONVERSION = YES_AGGRESSIVE;
				CLANG_CXX_LANGUAGE_STANDARD = "gnu++14";
				CLANG_CXX_LIBRARY = "libc++";
				CLANG_ENABLE_MODULES = YES;
				CLANG_ENABLE_OBJC_ARC = YES;
				CLANG_ENABLE_OBJC_WEAK = YES;
				CLANG_WARN_BLOCK_CAPTURE_AUTORELEASING = YES;
				CLANG_WARN_BOOL_CONVERSION = YES;
				CLANG_WARN_COMMA = YES;
				CLANG_WARN_CONSTANT_CONVERSION = YES;
				CLANG_WARN_DEPRECATED_OBJC_IMPLEMENTATIONS = YES;
				CLANG_WARN_DIRECT_OBJC_ISA_USAGE = YES_ERROR;
				CLANG_WARN_DOCUMENTATION_COMMENTS = YES;
				CLANG_WARN_EMPTY_BODY = YES;
				CLANG_WARN_ENUM_CONVERSION = YES;
				CLANG_WARN_INFINITE_RECURSION = YES;
				CLANG_WARN_INT_CONVERSION = YES;
				CLANG_WARN_NON_LITERAL_NULL_CONVERSION = YES;
				CLANG_WARN_OBJC_IMPLICIT_RETAIN_SELF = YES;
				CLANG_WARN_OBJC_LITERAL_CONVERSION = YES;
				CLANG_WARN_OBJC_ROOT_CLASS = YES_ERROR;
				CLANG_WARN_QUOTED_INCLUDE_IN_FRAMEWORK_HEADER = YES;
				CLANG_WARN_RANGE_LOOP_ANALYSIS = YES;
				CLANG_WARN_STRICT_PROTOTYPES = YES;
				CLANG_WARN_SUSPICIOUS_MOVE = YES;
				CLANG_WARN_UNGUARDED_AVAILABILITY = YES_AGGRESSIVE;
				CLANG_WARN_UNREACHABLE_CODE = YES;
				CLANG_WARN__DUPLICATE_METHOD_MATCH = YES;
				CODE_SIGN_IDENTITY = "iPhone Developer";
				COPY_PHASE_STRIP = NO;
				DEBUG_INFORMATION_FORMAT = dwarf;
				ENABLE_STRICT_OBJC_MSGSEND = YES;
				ENABLE_TESTABILITY = YES;
				GCC_C_LANGUAGE_STANDARD = gnu11;
				GCC_DYNAMIC_NO_PIC = NO;
				GCC_NO_COMMON_BLOCKS = YES;
				GCC_OPTIMIZATION_LEVEL = 0;
				GCC_PREPROCESSOR_DEFINITIONS = (
					"$(inherited)",
					"DEBUG=1",
				);
				GCC_WARN_64_TO_32_BIT_CONVERSION = YES;
				GCC_WARN_ABOUT_RETURN_TYPE = YES_ERROR;
				GCC_WARN_UNDECLARED_SELECTOR = YES;
				GCC_WARN_UNINITIALIZED_AUTOS = YES_AGGRESSIVE;
				GCC_WARN_UNUSED_FUNCTION = YES;
				GCC_WARN_UNUSED_VARIABLE = YES;
				IPHONEOS_DEPLOYMENT_TARGET = 13.0;
				MARKETING_VERSION = 0.1.0;
				MTL_ENABLE_DEBUG_INFO = INCLUDE_SOURCE;
				MTL_FAST_MATH = YES;
				ONLY_ACTIVE_ARCH = YES;
				PRODUCT_NAME = "$(TARGET_NAME)";
				SDKROOT = iphoneos;
				SWIFT_ACTIVE_COMPILATION_CONDITIONS = DEBUG;
				SWIFT_OPTIMIZATION_LEVEL = "-Onone";
				SWIFT_VERSION = 5.4;
				VERSIONING_SYSTEM = "apple-generic";
			};
			name = Debug;
		};
/* End XCBuildConfiguration section */

/* Begin XCConfigurationList section */
		3BC3A30494946CFC1ACA5CD3 /* Build configuration list for PBXNativeTarget "UserProfileTests" */ = {
			isa = XCConfigurationList;
			buildConfigurations = (
				B8139C1FD88D4214EB6BD652 /* Debug */,
				C84465667DA907246557D327 /* Release */,
			);
			defaultConfigurationIsVisible = 0;
			defaultConfigurationName = Debug;
		};
		579F735B144AB36473FEEF4C /* Build configuration list for PBXNativeTarget "UserProfile" */ = {
			isa = XCConfigurationList;
			buildConfigurations = (
				1941113A8878EEF2355E5850 /* Debug */,
				1CA93438AB36F143CE0354D2 /* Release */,
			);
			defaultConfigurationIsVisible = 0;
			defaultConfigurationName = Debug;
		};
		6B9DADA2B2BE458EB2CE36B6 /* Build configuration list for PBXProject "UserProfile" */ = {
			isa = XCConfigurationList;
			buildConfigurations = (
				FE7B45C4D7005505F205C305 /* Debug */,
				9301A87C9C4D0D8322C359E4 /* Release */,
			);
			defaultConfigurationIsVisible = 0;
			defaultConfigurationName = Debug;
		};
/* End XCConfigurationList section */
	};
	rootObject = FD676CE33ED67164F35C5F59 /* Project object */;
}
